
Microsoft Visual Studio Solution File, Format Version 12.00
# Visual Studio Version 17
VisualStudioVersion = 17.0.31903.59
MinimumVisualStudioVersion = 10.0.40219.1
Project("{FAE04EC0-301F-11D3-BF4B-00C04F79EFBC}") = "Tracker.Core", "Tracker.Core\Tracker.Core.csproj", "{43EDCF92-71F0-4054-A7B9-DF669C2CF9EB}"
EndProject
Project("{FAE04EC0-301F-11D3-BF4B-00C04F79EFBC}") = "Tracker.Data", "Tracker.Data\Tracker.Data.csproj", "{D019E23E-9EDC-43C1-894B-2EC5C82F7E2D}"
EndProject
Project("{FAE04EC0-301F-11D3-BF4B-00C04F79EFBC}") = "Tracker.Parsers", "Tracker.Parsers\Tracker.Parsers.csproj", "{7F0F7678-DFCA-4A61-BCE4-EBEAAD4F9865}"
EndProject
Project("{FAE04EC0-301F-11D3-BF4B-00C04F79EFBC}") = "Tracker.Api", "Tracker.Api\Tracker.Api.csproj", "{77134B63-70E9-4CFC-9178-B073A0120DEC}"
EndProject
Project("{FAE04EC0-301F-11D3-BF4B-00C04F79EFBC}") = "Tracker.Cli", "Tracker.Cli\Tracker.Cli.csproj", "{2E37BF27-EF59-4661-9939-4EFCCB6F2453}"
EndProject
Project("{FAE04EC0-301F-11D3-BF4B-00C04F79EFBC}") = "Tracker.Tests", "Tracker.Tests\Tracker.Tests.csproj", "{68C454F8-5417-4784-9E84-076B1CFF981E}"
EndProject
Global
	GlobalSection(SolutionConfigurationPlatforms) = preSolution
		Debug|Any CPU = Debug|Any CPU
		Debug|x64 = Debug|x64
		Debug|x86 = Debug|x86
		Release|Any CPU = Release|Any CPU
		Release|x64 = Release|x64
		Release|x86 = Release|x86
	EndGlobalSection
	GlobalSection(ProjectConfigurationPlatforms) = postSolution
		{43EDCF92-71F0-4054-A7B9-DF669C2CF9EB}.Debug|Any CPU.ActiveCfg = Debug|Any CPU
		{43EDCF92-71F0-4054-A7B9-DF669C2CF9EB}.Debug|Any CPU.Build.0 = Debug|Any CPU
		{43EDCF92-71F0-4054-A7B9-DF669C2CF9EB}.Debug|x64.ActiveCfg = Debug|Any CPU
		{43EDCF92-71F0-4054-A7B9-DF669C2CF9EB}.Debug|x64.Build.0 = Debug|Any CPU
		{43EDCF92-71F0-4054-A7B9-DF669C2CF9EB}.Debug|x86.ActiveCfg = Debug|Any CPU
		{43EDCF92-71F0-4054-A7B9-DF669C2CF9EB}.Debug|x86.Build.0 = Debug|Any CPU
		{43EDCF92-71F0-4054-A7B9-DF669C2CF9EB}.Release|Any CPU.ActiveCfg = Release|Any CPU
		{43EDCF92-71F0-4054-A7B9-DF669C2CF9EB}.Release|Any CPU.Build.0 = Release|Any CPU
		{43EDCF92-71F0-4054-A7B9-DF669C2CF9EB}.Release|x64.ActiveCfg = Release|Any CPU
		{43EDCF92-71F0-4054-A7B9-DF669C2CF9EB}.Release|x64.Build.0 = Release|Any CPU
		{43EDCF92-71F0-4054-A7B9-DF669C2CF9EB}.Release|x86.ActiveCfg = Release|Any CPU
		{43EDCF92-71F0-4054-A7B9-DF669C2CF9EB}.Release|x86.Build.0 = Release|Any CPU
		{D019E23E-9EDC-43C1-894B-2EC5C82F7E2D}.Debug|Any CPU.ActiveCfg = Debug|Any CPU
		{D019E23E-9EDC-43C1-894B-2EC5C82F7E2D}.Debug|Any CPU.Build.0 = Debug|Any CPU
		{D019E23E-9EDC-43C1-894B-2EC5C82F7E2D}.Debug|x64.ActiveCfg = Debug|Any CPU
		{D019E23E-9EDC-43C1-894B-2EC5C82F7E2D}.Debug|x64.Build.0 = Debug|Any CPU
		{D019E23E-9EDC-43C1-894B-2EC5C82F7E2D}.Debug|x86.ActiveCfg = Debug|Any CPU
		{D019E23E-9EDC-43C1-894B-2EC5C82F7E2D}.Debug|x86.Build.0 = Debug|Any CPU
		{D019E23E-9EDC-43C1-894B-2EC5C82F7E2D}.Release|Any CPU.ActiveCfg = Release|Any CPU
		{D019E23E-9EDC-43C1-894B-2EC5C82F7E2D}.Release|Any CPU.Build.0 = Release|Any CPU
		{D019E23E-9EDC-43C1-894B-2EC5C82F7E2D}.Release|x64.ActiveCfg = Release|Any CPU
		{D019E23E-9EDC-43C1-894B-2EC5C82F7E2D}.Release|x64.Build.0 = Release|Any CPU
		{D019E23E-9EDC-43C1-894B-2EC5C82F7E2D}.Release|x86.ActiveCfg = Release|Any CPU
		{D019E23E-9EDC-43C1-894B-2EC5C82F7E2D}.Release|x86.Build.0 = Release|Any CPU
		{7F0F7678-DFCA-4A61-BCE4-EBEAAD4F9865}.Debug|Any CPU.ActiveCfg = Debug|Any CPU
		{7F0F7678-DFCA-4A61-BCE4-EBEAAD4F9865}.Debug|Any CPU.Build.0 = Debug|Any CPU
		{7F0F7678-DFCA-4A61-BCE4-EBEAAD4F9865}.Debug|x64.ActiveCfg = Debug|Any CPU
		{7F0F7678-DFCA-4A61-BCE4-EBEAAD4F9865}.Debug|x64.Build.0 = Debug|Any CPU
		{7F0F7678-DFCA-4A61-BCE4-EBEAAD4F9865}.Debug|x86.ActiveCfg = Debug|Any CPU
		{7F0F7678-DFCA-4A61-BCE4-EBEAAD4F9865}.Debug|x86.Build.0 = Debug|Any CPU
		{7F0F7678-DFCA-4A61-BCE4-EBEAAD4F9865}.Release|Any CPU.ActiveCfg = Release|Any CPU
		{7F0F7678-DFCA-4A61-BCE4-EBEAAD4F9865}.Release|Any CPU.Build.0 = Release|Any CPU
		{7F0F7678-DFCA-4A61-BCE4-EBEAAD4F9865}.Release|x64.ActiveCfg = Release|Any CPU
		{7F0F7678-DFCA-4A61-BCE4-EBEAAD4F9865}.Release|x64.Build.0 = Release|Any CPU
		{7F0F7678-DFCA-4A61-BCE4-EBEAAD4F9865}.Release|x86.ActiveCfg = Release|Any CPU
		{7F0F7678-DFCA-4A61-BCE4-EBEAAD4F9865}.Release|x86.Build.0 = Release|Any CPU
		{77134B63-70E9-4CFC-9178-B073A0120DEC}.Debug|Any CPU.ActiveCfg = Debug|Any CPU
		{77134B63-70E9-4CFC-9178-B073A0120DEC}.Debug|Any CPU.Build.0 = Debug|Any CPU
		{77134B63-70E9-4CFC-9178-B073A0120DEC}.Debug|x64.ActiveCfg = Debug|Any CPU
		{77134B63-70E9-4CFC-9178-B073A0120DEC}.Debug|x64.Build.0 = Debug|Any CPU
		{77134B63-70E9-4CFC-9178-B073A0120DEC}.Debug|x86.ActiveCfg = Debug|Any CPU
		{77134B63-70E9-4CFC-9178-B073A0120DEC}.Debug|x86.Build.0 = Debug|Any CPU
		{77134B63-70E9-4CFC-9178-B073A0120DEC}.Release|Any CPU.ActiveCfg = Release|Any CPU
		{77134B63-70E9-4CFC-9178-B073A0120DEC}.Release|Any CPU.Build.0 = Release|Any CPU
		{77134B63-70E9-4CFC-9178-B073A0120DEC}.Release|x64.ActiveCfg = Release|Any CPU
		{77134B63-70E9-4CFC-9178-B073A0120DEC}.Release|x64.Build.0 = Release|Any CPU
		{77134B63-70E9-4CFC-9178-B073A0120DEC}.Release|x86.ActiveCfg = Release|Any CPU
		{77134B63-70E9-4CFC-9178-B073A0120DEC}.Release|x86.Build.0 = Release|Any CPU
		{2E37BF27-EF59-4661-9939-4EFCCB6F2453}.Debug|Any CPU.ActiveCfg = Debug|Any CPU
		{2E37BF27-EF59-4661-9939-4EFCCB6F2453}.Debug|Any CPU.Build.0 = Debug|Any CPU
		{2E37BF27-EF59-4661-9939-4EFCCB6F2453}.Debug|x64.ActiveCfg = Debug|Any CPU
		{2E37BF27-EF59-4661-9939-4EFCCB6F2453}.Debug|x64.Build.0 = Debug|Any CPU
		{2E37BF27-EF59-4661-9939-4EFCCB6F2453}.Debug|x86.ActiveCfg = Debug|Any CPU
		{2E37BF27-EF59-4661-9939-4EFCCB6F2453}.Debug|x86.Build.0 = Debug|Any CPU
		{2E37BF27-EF59-4661-9939-4EFCCB6F2453}.Release|Any CPU.ActiveCfg = Release|Any CPU
		{2E37BF27-EF59-4661-9939-4EFCCB6F2453}.Release|Any CPU.Build.0 = Release|Any CPU
		{2E37BF27-EF59-4661-9939-4EFCCB6F2453}.Release|x64.ActiveCfg = Release|Any CPU
		{2E37BF27-EF59-4661-9939-4EFCCB6F2453}.Release|x64.Build.0 = Release|Any CPU
		{2E37BF27-EF59-4661-9939-4EFCCB6F2453}.Release|x86.ActiveCfg = Release|Any CPU
		{2E37BF27-EF59-4661-9939-4EFCCB6F2453}.Release|x86.Build.0 = Release|Any CPU
		{68C454F8-5417-4784-9E84-076B1CFF981E}.Debug|Any CPU.ActiveCfg = Debug|Any CPU
		{68C454F8-5417-4784-9E84-076B1CFF981E}.Debug|Any CPU.Build.0 = Debug|Any CPU
		{68C454F8-5417-4784-9E84-076B1CFF981E}.Debug|x64.ActiveCfg = Debug|Any CPU
		{68C454F8-5417-4784-9E84-076B1CFF981E}.Debug|x64.Build.0 = Debug|Any CPU
		{68C454F8-5417-4784-9E84-076B1CFF981E}.Debug|x86.ActiveCfg = Debug|Any CPU
		{68C454F8-5417-4784-9E84-076B1CFF981E}.Debug|x86.Build.0 = Debug|Any CPU
		{68C454F8-5417-4784-9E84-076B1CFF981E}.Release|Any CPU.ActiveCfg = Release|Any CPU
		{68C454F8-5417-4784-9E84-076B1CFF981E}.Release|Any CPU.Build.0 = Release|Any CPU
		{68C454F8-5417-4784-9E84-076B1CFF981E}.Release|x64.ActiveCfg = Release|Any CPU
		{68C454F8-5417-4784-9E84-076B1CFF981E}.Release|x64.Build.0 = Release|Any CPU
		{68C454F8-5417-4784-9E84-076B1CFF981E}.Release|x86.ActiveCfg = Release|Any CPU
		{68C454F8-5417-4784-9E84-076B1CFF981E}.Release|x86.Build.0 = Release|Any CPU
	EndGlobalSection
	GlobalSection(SolutionProperties) = preSolution
		HideSolutionNode = FALSE
	EndGlobalSection
EndGlobal
